
Microsoft Visual Studio Solution File, Format Version 12.00
# Visual Studio Version 17
VisualStudioVersion = 17.5.002.0
MinimumVisualStudioVersion = 10.0.40219.1
Project("{9A19103F-16F7-4668-BE54-9A1E7A4F7556}") = "parse2ch", "parse2ch.csproj", "{F2D8DC53-D103-42D3-9EF5-79E127C99129}"
EndProject
Global
	GlobalSection(SolutionConfigurationPlatforms) = preSolution
		Debug|Any CPU = Debug|Any CPU
		Release|Any CPU = Release|Any CPU
	EndGlobalSection
	GlobalSection(ProjectConfigurationPlatforms) = postSolution
		{F2D8DC53-D103-42D3-9EF5-79E127C99129}.Debug|Any CPU.ActiveCfg = Debug|Any CPU
		{F2D8DC53-D103-42D3-9EF5-79E127C99129}.Debug|Any CPU.Build.0 = Debug|Any CPU
		{F2D8DC53-D103-42D3-9EF5-79E127C99129}.Release|Any CPU.ActiveCfg = Release|Any CPU
		{F2D8DC53-D103-42D3-9EF5-79E127C99129}.Release|Any CPU.Build.0 = Release|Any CPU
	EndGlobalSection
	GlobalSection(SolutionProperties) = preSolution
		HideSolutionNode = FALSE
	EndGlobalSection
	GlobalSection(ExtensibilityGlobals) = postSolution
		SolutionGuid = {263A709F-17CB-484A-B3E1-88B85FA18515}
	EndGlobalSection
EndGlobal
